<?xml version="1.0" encoding="utf-8"?>
<Project ToolsVersion="4.0" xmlns="http://schemas.microsoft.com/developer/msbuild/2003">
  <ItemGroup>
    <Filter Include="Sources">
      <UniqueIdentifier>{f7c7adf8-eb76-4909-be89-7cbd920d3da3}</UniqueIdentifier>
    </Filter>
  </ItemGroup>
  <ItemGroup>
    <ClCompile Include="Sources.cpp">
      <Filter>Sources</Filter>
    </ClCompile>
  </ItemGroup>
</Project>